
Microsoft Visual Studio Solution File, Format Version 12.00
# Visual Studio 15
VisualStudioVersion = 15.0.27130.2010
MinimumVisualStudioVersion = 10.0.40219.1
Project("{FAE04EC0-301F-11D3-BF4B-00C04F79EFBC}") = "PEp8", "PEp8\PEp8.csproj", "{1C89D1AA-04AB-4EFD-AE42-E46F6732BC51}"
EndProject
Global
	GlobalSection(SolutionConfigurationPlatforms) = preSolution
		Debug|Any CPU = Debug|Any CPU
		Release|Any CPU = Release|Any CPU
	EndGlobalSection
	GlobalSection(ProjectConfigurationPlatforms) = postSolution
		{1C89D1AA-04AB-4EFD-AE42-E46F6732BC51}.Debug|Any CPU.ActiveCfg = Debug|Any CPU
		{1C89D1AA-04AB-4EFD-AE42-E46F6732BC51}.Debug|Any CPU.Build.0 = Debug|Any CPU
		{1C89D1AA-04AB-4EFD-AE42-E46F6732BC51}.Release|Any CPU.ActiveCfg = Release|Any CPU
		{1C89D1AA-04AB-4EFD-AE42-E46F6732BC51}.Release|Any CPU.Build.0 = Release|Any CPU
	EndGlobalSection
	GlobalSection(SolutionProperties) = preSolution
		HideSolutionNode = FALSE
	EndGlobalSection
	GlobalSection(ExtensibilityGlobals) = postSolution
		SolutionGuid = {A981EC10-8AB9-4A0D-B36B-259C3BEC5020}
	EndGlobalSection
EndGlobal
