
Microsoft Visual Studio Solution File, Format Version 12.00
# Visual Studio 15
VisualStudioVersion = 15.0.27130.2010
MinimumVisualStudioVersion = 10.0.40219.1
Project("{FAE04EC0-301F-11D3-BF4B-00C04F79EFBC}") = "PEp12", "PEp12\PEp12.csproj", "{F1AD02E6-0BA2-4166-BDB3-16378A350BF6}"
EndProject
Global
	GlobalSection(SolutionConfigurationPlatforms) = preSolution
		Debug|Any CPU = Debug|Any CPU
		Release|Any CPU = Release|Any CPU
	EndGlobalSection
	GlobalSection(ProjectConfigurationPlatforms) = postSolution
		{F1AD02E6-0BA2-4166-BDB3-16378A350BF6}.Debug|Any CPU.ActiveCfg = Debug|Any CPU
		{F1AD02E6-0BA2-4166-BDB3-16378A350BF6}.Debug|Any CPU.Build.0 = Debug|Any CPU
		{F1AD02E6-0BA2-4166-BDB3-16378A350BF6}.Release|Any CPU.ActiveCfg = Release|Any CPU
		{F1AD02E6-0BA2-4166-BDB3-16378A350BF6}.Release|Any CPU.Build.0 = Release|Any CPU
	EndGlobalSection
	GlobalSection(SolutionProperties) = preSolution
		HideSolutionNode = FALSE
	EndGlobalSection
	GlobalSection(ExtensibilityGlobals) = postSolution
		SolutionGuid = {F3D20FE3-FF17-4D17-ADC8-F8735CC98E6A}
	EndGlobalSection
EndGlobal
