
Microsoft Visual Studio Solution File, Format Version 12.00
# Visual Studio 15
VisualStudioVersion = 15.0.27130.2010
MinimumVisualStudioVersion = 10.0.40219.1
Project("{FAE04EC0-301F-11D3-BF4B-00C04F79EFBC}") = "PEp11", "PEp11\PEp11.csproj", "{0CA57F60-4505-4F1D-AFA5-D0D040B05EEC}"
EndProject
Global
	GlobalSection(SolutionConfigurationPlatforms) = preSolution
		Debug|Any CPU = Debug|Any CPU
		Release|Any CPU = Release|Any CPU
	EndGlobalSection
	GlobalSection(ProjectConfigurationPlatforms) = postSolution
		{0CA57F60-4505-4F1D-AFA5-D0D040B05EEC}.Debug|Any CPU.ActiveCfg = Debug|Any CPU
		{0CA57F60-4505-4F1D-AFA5-D0D040B05EEC}.Debug|Any CPU.Build.0 = Debug|Any CPU
		{0CA57F60-4505-4F1D-AFA5-D0D040B05EEC}.Release|Any CPU.ActiveCfg = Release|Any CPU
		{0CA57F60-4505-4F1D-AFA5-D0D040B05EEC}.Release|Any CPU.Build.0 = Release|Any CPU
	EndGlobalSection
	GlobalSection(SolutionProperties) = preSolution
		HideSolutionNode = FALSE
	EndGlobalSection
	GlobalSection(ExtensibilityGlobals) = postSolution
		SolutionGuid = {A9F5EF06-F420-4326-8222-B25B91676577}
	EndGlobalSection
EndGlobal
